<?xml version="1.0" encoding="UTF-8" standalone="yes" ?>
<CodeBlocks_project_file>
	<FileVersion major="1" minor="6" />
	<Project>
		<Option title="SpaceGame" />
		<Option pch_mode="2" />
		<Option compiler="gcc" />
		<Build>
			<Target title="Debug">
				<Option output="bin/Debug/SpaceGame" prefix_auto="1" extension_auto="1" />
				<Option object_output="obj/Debug/" />
				<Option type="1" />
				<Option compiler="gcc" />
				<Compiler>
					<Add option="-g" />
					<Add directory="C:/Program Files (x86)/GnuWin32/include" />
				</Compiler>
				<Linker>
					<Add library="C:/Program Files (x86)/GnuWin32/lib/curses.dll.a" />
					<Add library="C:/Program Files (x86)/GnuWin32/lib/curses.lib" />
					<Add library="src/comm-library/libcomm-library.a" />
					<Add library="ws2_32" />
					<Add directory="C:/Program Files (x86)/GnuWin32/lib" />
				</Linker>
				<ExtraCommands>
					<Add after="cmd /c copy /N /Y curses2.dll bin\Debug\" />
				</ExtraCommands>
			</Target>
			<Target title="Release">
				<Option output="bin/Release/SpaceGame" prefix_auto="1" extension_auto="1" />
				<Option object_output="obj/Release/" />
				<Option type="1" />
				<Option compiler="gcc" />
				<Compiler>
					<Add option="-O2" />
				</Compiler>
				<Linker>
					<Add option="-s" />
				</Linker>
			</Target>
		</Build>
		<Compiler>
			<Add option="-Wall" />
		</Compiler>
		<Unit filename="src/comm-library/message-library.h" />
		<Unit filename="src/game.c">
			<Option compilerVar="CC" />
		</Unit>
		<Unit filename="src/gamespace.c">
			<Option compilerVar="CC" />
		</Unit>
		<Unit filename="src/gamespace.h" />
		<Unit filename="src/list.c">
			<Option compilerVar="CC" />
		</Unit>
		<Unit filename="src/list.h" />
		<Extensions>
			<code_completion />
			<envvars />
			<debugger />
		</Extensions>
	</Project>
</CodeBlocks_project_file>
